
Microsoft Visual Studio Solution File, Format Version 12.00
# Visual Studio Version 16
VisualStudioVersion = 16.0.32413.511
MinimumVisualStudioVersion = 10.0.40219.1
Project("{FAE04EC0-301F-11D3-BF4B-00C04F79EFBC}") = "TapahtumaApi", "TapahtumaApi\TapahtumaApi.csproj", "{00A1279E-75DE-41E1-A7F4-4A02658CD979}"
EndProject
Global
	GlobalSection(SolutionConfigurationPlatforms) = preSolution
		Debug|Any CPU = Debug|Any CPU
		Release|Any CPU = Release|Any CPU
	EndGlobalSection
	GlobalSection(ProjectConfigurationPlatforms) = postSolution
		{00A1279E-75DE-41E1-A7F4-4A02658CD979}.Debug|Any CPU.ActiveCfg = Debug|Any CPU
		{00A1279E-75DE-41E1-A7F4-4A02658CD979}.Debug|Any CPU.Build.0 = Debug|Any CPU
		{00A1279E-75DE-41E1-A7F4-4A02658CD979}.Release|Any CPU.ActiveCfg = Release|Any CPU
		{00A1279E-75DE-41E1-A7F4-4A02658CD979}.Release|Any CPU.Build.0 = Release|Any CPU
	EndGlobalSection
	GlobalSection(SolutionProperties) = preSolution
		HideSolutionNode = FALSE
	EndGlobalSection
	GlobalSection(ExtensibilityGlobals) = postSolution
		SolutionGuid = {F9D8EBBA-F8F9-45AE-B2B4-4FC94CCFB384}
	EndGlobalSection
EndGlobal
